
Microsoft Visual Studio Solution File, Format Version 12.00
# Visual Studio Version 16
VisualStudioVersion = 16.0.31624.102
MinimumVisualStudioVersion = 10.0.40219.1
Project("{FAE04EC0-301F-11D3-BF4B-00C04F79EFBC}") = "Enteros", "Enteros\Enteros.csproj", "{13F21DDD-897A-482C-8700-DE001A1CBC9E}"
EndProject
Project("{FAE04EC0-301F-11D3-BF4B-00C04F79EFBC}") = "CalculoPerimetro", "CalculoPerimetro\CalculoPerimetro.csproj", "{F63D4141-F611-47AA-BC06-89A81AF1A3D7}"
EndProject
Project("{FAE04EC0-301F-11D3-BF4B-00C04F79EFBC}") = "CalculoArea", "CalculoArea\CalculoArea.csproj", "{ED176685-FEE1-4FB5-AAEC-7A3DDDD062BE}"
EndProject
Project("{FAE04EC0-301F-11D3-BF4B-00C04F79EFBC}") = "String", "String\String.csproj", "{3B4ACAAB-D75D-4BBA-9130-1F53C4E453B7}"
EndProject
Project("{FAE04EC0-301F-11D3-BF4B-00C04F79EFBC}") = "StringInt", "StringInt\StringInt.csproj", "{3F86D778-9B54-403B-84A0-1B5E16928DCE}"
EndProject
Global
	GlobalSection(SolutionConfigurationPlatforms) = preSolution
		Debug|Any CPU = Debug|Any CPU
		Release|Any CPU = Release|Any CPU
	EndGlobalSection
	GlobalSection(ProjectConfigurationPlatforms) = postSolution
		{13F21DDD-897A-482C-8700-DE001A1CBC9E}.Debug|Any CPU.ActiveCfg = Debug|Any CPU
		{13F21DDD-897A-482C-8700-DE001A1CBC9E}.Debug|Any CPU.Build.0 = Debug|Any CPU
		{13F21DDD-897A-482C-8700-DE001A1CBC9E}.Release|Any CPU.ActiveCfg = Release|Any CPU
		{13F21DDD-897A-482C-8700-DE001A1CBC9E}.Release|Any CPU.Build.0 = Release|Any CPU
		{F63D4141-F611-47AA-BC06-89A81AF1A3D7}.Debug|Any CPU.ActiveCfg = Debug|Any CPU
		{F63D4141-F611-47AA-BC06-89A81AF1A3D7}.Debug|Any CPU.Build.0 = Debug|Any CPU
		{F63D4141-F611-47AA-BC06-89A81AF1A3D7}.Release|Any CPU.ActiveCfg = Release|Any CPU
		{F63D4141-F611-47AA-BC06-89A81AF1A3D7}.Release|Any CPU.Build.0 = Release|Any CPU
		{ED176685-FEE1-4FB5-AAEC-7A3DDDD062BE}.Debug|Any CPU.ActiveCfg = Debug|Any CPU
		{ED176685-FEE1-4FB5-AAEC-7A3DDDD062BE}.Debug|Any CPU.Build.0 = Debug|Any CPU
		{ED176685-FEE1-4FB5-AAEC-7A3DDDD062BE}.Release|Any CPU.ActiveCfg = Release|Any CPU
		{ED176685-FEE1-4FB5-AAEC-7A3DDDD062BE}.Release|Any CPU.Build.0 = Release|Any CPU
		{3B4ACAAB-D75D-4BBA-9130-1F53C4E453B7}.Debug|Any CPU.ActiveCfg = Debug|Any CPU
		{3B4ACAAB-D75D-4BBA-9130-1F53C4E453B7}.Debug|Any CPU.Build.0 = Debug|Any CPU
		{3B4ACAAB-D75D-4BBA-9130-1F53C4E453B7}.Release|Any CPU.ActiveCfg = Release|Any CPU
		{3B4ACAAB-D75D-4BBA-9130-1F53C4E453B7}.Release|Any CPU.Build.0 = Release|Any CPU
		{3F86D778-9B54-403B-84A0-1B5E16928DCE}.Debug|Any CPU.ActiveCfg = Debug|Any CPU
		{3F86D778-9B54-403B-84A0-1B5E16928DCE}.Debug|Any CPU.Build.0 = Debug|Any CPU
		{3F86D778-9B54-403B-84A0-1B5E16928DCE}.Release|Any CPU.ActiveCfg = Release|Any CPU
		{3F86D778-9B54-403B-84A0-1B5E16928DCE}.Release|Any CPU.Build.0 = Release|Any CPU
	EndGlobalSection
	GlobalSection(SolutionProperties) = preSolution
		HideSolutionNode = FALSE
	EndGlobalSection
	GlobalSection(ExtensibilityGlobals) = postSolution
		SolutionGuid = {A8498D8E-0CA4-4B47-9BAD-3646455D5F3A}
	EndGlobalSection
EndGlobal
